
Microsoft Visual Studio Solution File, Format Version 12.00
# Visual Studio Version 17
VisualStudioVersion = 17.14.36127.28 d17.14
MinimumVisualStudioVersion = 10.0.40219.1
Project("{FAE04EC0-301F-11D3-BF4B-00C04F79EFBC}") = "Ntech.WPF.RobotMonitoring", "Ntech.WPF.RobotMonitoring\Ntech.WPF.RobotMonitoring.csproj", "{66A441D3-9D60-418C-AC70-71818615FA34}"
EndProject
Global
	GlobalSection(SolutionConfigurationPlatforms) = preSolution
		Debug|Any CPU = Debug|Any CPU
		Release|Any CPU = Release|Any CPU
	EndGlobalSection
	GlobalSection(ProjectConfigurationPlatforms) = postSolution
		{66A441D3-9D60-418C-AC70-71818615FA34}.Debug|Any CPU.ActiveCfg = Debug|Any CPU
		{66A441D3-9D60-418C-AC70-71818615FA34}.Debug|Any CPU.Build.0 = Debug|Any CPU
		{66A441D3-9D60-418C-AC70-71818615FA34}.Release|Any CPU.ActiveCfg = Release|Any CPU
		{66A441D3-9D60-418C-AC70-71818615FA34}.Release|Any CPU.Build.0 = Release|Any CPU
	EndGlobalSection
	GlobalSection(SolutionProperties) = preSolution
		HideSolutionNode = FALSE
	EndGlobalSection
	GlobalSection(ExtensibilityGlobals) = postSolution
		SolutionGuid = {A3949DC5-20AF-4E83-8FF6-E0909DC4FC5D}
	EndGlobalSection
EndGlobal
